{
  "originHash" : "92481a0a8f0d7c17cd1f5738bd93318bf6006fe15d1c42812ad39451e39a03da",
  "pins" : [
    {
      "identity" : "cocoaasyncsocket",
      "kind" : "remoteSourceControl",
      "location" : "https://github.com/robbiehanson/CocoaAsyncSocket.git",
      "state" : {
        "revision" : "dbdc00669c1ced63b27c3c5f052ee4d28f10150c",
        "version" : "7.6.5"
      }
    },
    {
      "identity" : "httpparserc",
      "kind" : "remoteSourceControl",
      "location" : "https://github.com/Building42/HTTPParserC.git",
      "state" : {
        "revision" : "a32b391977a17c30fceec0f38933a359dfdaf112",
        "version" : "9.2.0"
      }
    },
    {
      "identity" : "partyui",
      "kind" : "remoteSourceControl",
      "location" : "https://github.com/jailbreakdotparty/PartyUI.git",
      "state" : {
        "revision" : "a253b3541cf0a310637a871f24959eccfebf298e",
        "version" : "1.1.3"
      }
    },
    {
      "identity" : "telegraph",
      "kind" : "remoteSourceControl",
      "location" : "https://github.com/Building42/Telegraph",
      "state" : {
        "revision" : "f56b6726195e271fea397b7dd11c4adc36d5a32d",
        "version" : "0.40.0"
      }
    },
    {
      "identity" : "zip",
      "kind" : "remoteSourceControl",
      "location" : "https://github.com/marmelroy/Zip.git",
      "state" : {
        "revision" : "67fa55813b9e7b3b9acee9c0ae501def28746d76",
        "version" : "2.1.2"
      }
    }
  ],
  "version" : 3
}
